
Microsoft Visual Studio Solution File, Format Version 12.00
# Visual Studio Version 17
VisualStudioVersion = 17.1.32210.238
MinimumVisualStudioVersion = 10.0.40219.1
Project("{8BC9CEB8-8B4A-11D0-8D11-00A0C91BC942}") = "全排列", "全排列\全排列.vcxproj", "{2D92F236-DD01-407A-888F-D2A8F0128388}"
EndProject
Project("{8BC9CEB8-8B4A-11D0-8D11-00A0C91BC942}") = "全排列之n皇后", "全排列之n皇后\全排列之n皇后.vcxproj", "{3EB06C5B-7770-48D7-BF63-3D5AB27C05D9}"
EndProject
Project("{8BC9CEB8-8B4A-11D0-8D11-00A0C91BC942}") = "Project1", "Project1\Project1.vcxproj", "{FE9B5C0B-417D-4E50-A4EA-AE4102BE035E}"
EndProject
Project("{8BC9CEB8-8B4A-11D0-8D11-00A0C91BC942}") = "Project2", "Project2\Project2.vcxproj", "{C64BB725-A159-4C0B-8A8C-7BAE14CE3B37}"
EndProject
Project("{8BC9CEB8-8B4A-11D0-8D11-00A0C91BC942}") = "盒分型", "盒分型\盒分型.vcxproj", "{9E73A4DD-1F31-489E-8910-8670C72ACAC4}"
EndProject
Project("{8BC9CEB8-8B4A-11D0-8D11-00A0C91BC942}") = "自然数分解", "自然数分解\自然数分解.vcxproj", "{851FE307-BB34-4AA4-A865-0A3D5440274F}"
EndProject
Project("{8BC9CEB8-8B4A-11D0-8D11-00A0C91BC942}") = "棋盘覆盖问题", "棋盘覆盖问题\棋盘覆盖问题.vcxproj", "{EAC01A27-2D42-4934-9918-B4D953EA861E}"
EndProject
Project("{8BC9CEB8-8B4A-11D0-8D11-00A0C91BC942}") = "Project3", "Project3\Project3.vcxproj", "{D0DBE026-1080-4C39-ADDD-C585DC9A353C}"
EndProject
Project("{8BC9CEB8-8B4A-11D0-8D11-00A0C91BC942}") = "子集", "子串\子串.vcxproj", "{567B8DFE-FE2E-427B-8792-897A85A8EF0A}"
EndProject
Project("{8BC9CEB8-8B4A-11D0-8D11-00A0C91BC942}") = "非限制选数", "非限制选数\非限制选数.vcxproj", "{B093AA6C-744C-494A-B56E-5E3279DB5C98}"
EndProject
Project("{8BC9CEB8-8B4A-11D0-8D11-00A0C91BC942}") = "背包", "背包\背包.vcxproj", "{8A060933-4F96-46E3-8B61-0F76998C10C7}"
EndProject
Global
	GlobalSection(SolutionConfigurationPlatforms) = preSolution
		Debug|x64 = Debug|x64
		Debug|x86 = Debug|x86
		Release|x64 = Release|x64
		Release|x86 = Release|x86
	EndGlobalSection
	GlobalSection(ProjectConfigurationPlatforms) = postSolution
		{2D92F236-DD01-407A-888F-D2A8F0128388}.Debug|x64.ActiveCfg = Debug|x64
		{2D92F236-DD01-407A-888F-D2A8F0128388}.Debug|x64.Build.0 = Debug|x64
		{2D92F236-DD01-407A-888F-D2A8F0128388}.Debug|x86.ActiveCfg = Debug|Win32
		{2D92F236-DD01-407A-888F-D2A8F0128388}.Debug|x86.Build.0 = Debug|Win32
		{2D92F236-DD01-407A-888F-D2A8F0128388}.Release|x64.ActiveCfg = Release|x64
		{2D92F236-DD01-407A-888F-D2A8F0128388}.Release|x64.Build.0 = Release|x64
		{2D92F236-DD01-407A-888F-D2A8F0128388}.Release|x86.ActiveCfg = Release|Win32
		{2D92F236-DD01-407A-888F-D2A8F0128388}.Release|x86.Build.0 = Release|Win32
		{3EB06C5B-7770-48D7-BF63-3D5AB27C05D9}.Debug|x64.ActiveCfg = Debug|x64
		{3EB06C5B-7770-48D7-BF63-3D5AB27C05D9}.Debug|x64.Build.0 = Debug|x64
		{3EB06C5B-7770-48D7-BF63-3D5AB27C05D9}.Debug|x86.ActiveCfg = Debug|Win32
		{3EB06C5B-7770-48D7-BF63-3D5AB27C05D9}.Debug|x86.Build.0 = Debug|Win32
		{3EB06C5B-7770-48D7-BF63-3D5AB27C05D9}.Release|x64.ActiveCfg = Release|x64
		{3EB06C5B-7770-48D7-BF63-3D5AB27C05D9}.Release|x64.Build.0 = Release|x64
		{3EB06C5B-7770-48D7-BF63-3D5AB27C05D9}.Release|x86.ActiveCfg = Release|Win32
		{3EB06C5B-7770-48D7-BF63-3D5AB27C05D9}.Release|x86.Build.0 = Release|Win32
		{FE9B5C0B-417D-4E50-A4EA-AE4102BE035E}.Debug|x64.ActiveCfg = Debug|x64
		{FE9B5C0B-417D-4E50-A4EA-AE4102BE035E}.Debug|x64.Build.0 = Debug|x64
		{FE9B5C0B-417D-4E50-A4EA-AE4102BE035E}.Debug|x86.ActiveCfg = Debug|Win32
		{FE9B5C0B-417D-4E50-A4EA-AE4102BE035E}.Debug|x86.Build.0 = Debug|Win32
		{FE9B5C0B-417D-4E50-A4EA-AE4102BE035E}.Release|x64.ActiveCfg = Release|x64
		{FE9B5C0B-417D-4E50-A4EA-AE4102BE035E}.Release|x64.Build.0 = Release|x64
		{FE9B5C0B-417D-4E50-A4EA-AE4102BE035E}.Release|x86.ActiveCfg = Release|Win32
		{FE9B5C0B-417D-4E50-A4EA-AE4102BE035E}.Release|x86.Build.0 = Release|Win32
		{C64BB725-A159-4C0B-8A8C-7BAE14CE3B37}.Debug|x64.ActiveCfg = Debug|x64
		{C64BB725-A159-4C0B-8A8C-7BAE14CE3B37}.Debug|x64.Build.0 = Debug|x64
		{C64BB725-A159-4C0B-8A8C-7BAE14CE3B37}.Debug|x86.ActiveCfg = Debug|Win32
		{C64BB725-A159-4C0B-8A8C-7BAE14CE3B37}.Debug|x86.Build.0 = Debug|Win32
		{C64BB725-A159-4C0B-8A8C-7BAE14CE3B37}.Release|x64.ActiveCfg = Release|x64
		{C64BB725-A159-4C0B-8A8C-7BAE14CE3B37}.Release|x64.Build.0 = Release|x64
		{C64BB725-A159-4C0B-8A8C-7BAE14CE3B37}.Release|x86.ActiveCfg = Release|Win32
		{C64BB725-A159-4C0B-8A8C-7BAE14CE3B37}.Release|x86.Build.0 = Release|Win32
		{9E73A4DD-1F31-489E-8910-8670C72ACAC4}.Debug|x64.ActiveCfg = Debug|x64
		{9E73A4DD-1F31-489E-8910-8670C72ACAC4}.Debug|x64.Build.0 = Debug|x64
		{9E73A4DD-1F31-489E-8910-8670C72ACAC4}.Debug|x86.ActiveCfg = Debug|Win32
		{9E73A4DD-1F31-489E-8910-8670C72ACAC4}.Debug|x86.Build.0 = Debug|Win32
		{9E73A4DD-1F31-489E-8910-8670C72ACAC4}.Release|x64.ActiveCfg = Release|x64
		{9E73A4DD-1F31-489E-8910-8670C72ACAC4}.Release|x64.Build.0 = Release|x64
		{9E73A4DD-1F31-489E-8910-8670C72ACAC4}.Release|x86.ActiveCfg = Release|Win32
		{9E73A4DD-1F31-489E-8910-8670C72ACAC4}.Release|x86.Build.0 = Release|Win32
		{851FE307-BB34-4AA4-A865-0A3D5440274F}.Debug|x64.ActiveCfg = Debug|x64
		{851FE307-BB34-4AA4-A865-0A3D5440274F}.Debug|x64.Build.0 = Debug|x64
		{851FE307-BB34-4AA4-A865-0A3D5440274F}.Debug|x86.ActiveCfg = Debug|Win32
		{851FE307-BB34-4AA4-A865-0A3D5440274F}.Debug|x86.Build.0 = Debug|Win32
		{851FE307-BB34-4AA4-A865-0A3D5440274F}.Release|x64.ActiveCfg = Release|x64
		{851FE307-BB34-4AA4-A865-0A3D5440274F}.Release|x64.Build.0 = Release|x64
		{851FE307-BB34-4AA4-A865-0A3D5440274F}.Release|x86.ActiveCfg = Release|Win32
		{851FE307-BB34-4AA4-A865-0A3D5440274F}.Release|x86.Build.0 = Release|Win32
		{EAC01A27-2D42-4934-9918-B4D953EA861E}.Debug|x64.ActiveCfg = Debug|x64
		{EAC01A27-2D42-4934-9918-B4D953EA861E}.Debug|x64.Build.0 = Debug|x64
		{EAC01A27-2D42-4934-9918-B4D953EA861E}.Debug|x86.ActiveCfg = Debug|Win32
		{EAC01A27-2D42-4934-9918-B4D953EA861E}.Debug|x86.Build.0 = Debug|Win32
		{EAC01A27-2D42-4934-9918-B4D953EA861E}.Release|x64.ActiveCfg = Release|x64
		{EAC01A27-2D42-4934-9918-B4D953EA861E}.Release|x64.Build.0 = Release|x64
		{EAC01A27-2D42-4934-9918-B4D953EA861E}.Release|x86.ActiveCfg = Release|Win32
		{EAC01A27-2D42-4934-9918-B4D953EA861E}.Release|x86.Build.0 = Release|Win32
		{D0DBE026-1080-4C39-ADDD-C585DC9A353C}.Debug|x64.ActiveCfg = Debug|x64
		{D0DBE026-1080-4C39-ADDD-C585DC9A353C}.Debug|x64.Build.0 = Debug|x64
		{D0DBE026-1080-4C39-ADDD-C585DC9A353C}.Debug|x86.ActiveCfg = Debug|Win32
		{D0DBE026-1080-4C39-ADDD-C585DC9A353C}.Debug|x86.Build.0 = Debug|Win32
		{D0DBE026-1080-4C39-ADDD-C585DC9A353C}.Release|x64.ActiveCfg = Release|x64
		{D0DBE026-1080-4C39-ADDD-C585DC9A353C}.Release|x64.Build.0 = Release|x64
		{D0DBE026-1080-4C39-ADDD-C585DC9A353C}.Release|x86.ActiveCfg = Release|Win32
		{D0DBE026-1080-4C39-ADDD-C585DC9A353C}.Release|x86.Build.0 = Release|Win32
		{567B8DFE-FE2E-427B-8792-897A85A8EF0A}.Debug|x64.ActiveCfg = Debug|x64
		{567B8DFE-FE2E-427B-8792-897A85A8EF0A}.Debug|x64.Build.0 = Debug|x64
		{567B8DFE-FE2E-427B-8792-897A85A8EF0A}.Debug|x86.ActiveCfg = Debug|Win32
		{567B8DFE-FE2E-427B-8792-897A85A8EF0A}.Debug|x86.Build.0 = Debug|Win32
		{567B8DFE-FE2E-427B-8792-897A85A8EF0A}.Release|x64.ActiveCfg = Release|x64
		{567B8DFE-FE2E-427B-8792-897A85A8EF0A}.Release|x64.Build.0 = Release|x64
		{567B8DFE-FE2E-427B-8792-897A85A8EF0A}.Release|x86.ActiveCfg = Release|Win32
		{567B8DFE-FE2E-427B-8792-897A85A8EF0A}.Release|x86.Build.0 = Release|Win32
		{B093AA6C-744C-494A-B56E-5E3279DB5C98}.Debug|x64.ActiveCfg = Debug|x64
		{B093AA6C-744C-494A-B56E-5E3279DB5C98}.Debug|x64.Build.0 = Debug|x64
		{B093AA6C-744C-494A-B56E-5E3279DB5C98}.Debug|x86.ActiveCfg = Debug|Win32
		{B093AA6C-744C-494A-B56E-5E3279DB5C98}.Debug|x86.Build.0 = Debug|Win32
		{B093AA6C-744C-494A-B56E-5E3279DB5C98}.Release|x64.ActiveCfg = Release|x64
		{B093AA6C-744C-494A-B56E-5E3279DB5C98}.Release|x64.Build.0 = Release|x64
		{B093AA6C-744C-494A-B56E-5E3279DB5C98}.Release|x86.ActiveCfg = Release|Win32
		{B093AA6C-744C-494A-B56E-5E3279DB5C98}.Release|x86.Build.0 = Release|Win32
		{8A060933-4F96-46E3-8B61-0F76998C10C7}.Debug|x64.ActiveCfg = Debug|x64
		{8A060933-4F96-46E3-8B61-0F76998C10C7}.Debug|x64.Build.0 = Debug|x64
		{8A060933-4F96-46E3-8B61-0F76998C10C7}.Debug|x86.ActiveCfg = Debug|Win32
		{8A060933-4F96-46E3-8B61-0F76998C10C7}.Debug|x86.Build.0 = Debug|Win32
		{8A060933-4F96-46E3-8B61-0F76998C10C7}.Release|x64.ActiveCfg = Release|x64
		{8A060933-4F96-46E3-8B61-0F76998C10C7}.Release|x64.Build.0 = Release|x64
		{8A060933-4F96-46E3-8B61-0F76998C10C7}.Release|x86.ActiveCfg = Release|Win32
		{8A060933-4F96-46E3-8B61-0F76998C10C7}.Release|x86.Build.0 = Release|Win32
	EndGlobalSection
	GlobalSection(SolutionProperties) = preSolution
		HideSolutionNode = FALSE
	EndGlobalSection
	GlobalSection(ExtensibilityGlobals) = postSolution
		SolutionGuid = {BF5A093E-6A4C-4D82-9FA9-F57D99784F60}
	EndGlobalSection
EndGlobal
